
Microsoft Visual Studio Solution File, Format Version 12.00
# Visual Studio Version 16
VisualStudioVersion = 16.0.30517.126
MinimumVisualStudioVersion = 10.0.40219.1
Project("{FAE04EC0-301F-11D3-BF4B-00C04F79EFBC}") = "CSharpReview_4point2", "CSharpReview_4point2\CSharpReview_4point2.csproj", "{387F4760-1A4E-47A3-8C69-74FEFFFDD9EF}"
EndProject
Global
	GlobalSection(SolutionConfigurationPlatforms) = preSolution
		Debug|Any CPU = Debug|Any CPU
		Release|Any CPU = Release|Any CPU
	EndGlobalSection
	GlobalSection(ProjectConfigurationPlatforms) = postSolution
		{387F4760-1A4E-47A3-8C69-74FEFFFDD9EF}.Debug|Any CPU.ActiveCfg = Debug|Any CPU
		{387F4760-1A4E-47A3-8C69-74FEFFFDD9EF}.Debug|Any CPU.Build.0 = Debug|Any CPU
		{387F4760-1A4E-47A3-8C69-74FEFFFDD9EF}.Release|Any CPU.ActiveCfg = Release|Any CPU
		{387F4760-1A4E-47A3-8C69-74FEFFFDD9EF}.Release|Any CPU.Build.0 = Release|Any CPU
	EndGlobalSection
	GlobalSection(SolutionProperties) = preSolution
		HideSolutionNode = FALSE
	EndGlobalSection
	GlobalSection(ExtensibilityGlobals) = postSolution
		SolutionGuid = {18CD7F1A-746A-4388-B6E7-D710111508CC}
	EndGlobalSection
EndGlobal
